
Microsoft Visual Studio Solution File, Format Version 12.00
# Visual Studio Version 17
VisualStudioVersion = 17.14.36109.1
MinimumVisualStudioVersion = 10.0.40219.1
Project("{FAE04EC0-301F-11D3-BF4B-00C04F79EFBC}") = "SendAttachmentsBySecureEmail9.WebApiLand", "SendAttachmentsBySecureEmail9.WebApiLand\SendAttachmentsBySecureEmail9.WebApiLand.csproj", "{CF0366D6-0EC9-4901-ADB1-F23BCF5A0733}"
EndProject
Project("{FAE04EC0-301F-11D3-BF4B-00C04F79EFBC}") = "SendAttachmentsBySecureEmail9.Data", "SendAttachmentsBySecureEmail9.Data\SendAttachmentsBySecureEmail9.Data.csproj", "{FEC2C631-6630-48FD-804F-88F810954AAC}"
EndProject
Project("{FAE04EC0-301F-11D3-BF4B-00C04F79EFBC}") = "SendAttachmentsBySecureEmail9.TestConsoleApp", "SendAttachmentsBySecureEmail9.TestConsoleApp\SendAttachmentsBySecureEmail9.TestConsoleApp.csproj", "{FD35F58E-31F0-4366-8665-B291CB88E497}"
EndProject
Project("{FAE04EC0-301F-11D3-BF4B-00C04F79EFBC}") = "SendAttachmentsBySecureEmail9.CallWebApiLand", "SendAttachmentsBySecureEmail9.CallWebApiLand\SendAttachmentsBySecureEmail9.CallWebApiLand.csproj", "{9BD81DCE-839A-490E-8C48-097B91F84945}"
EndProject
Project("{FAE04EC0-301F-11D3-BF4B-00C04F79EFBC}") = "SendAttachmentBySecureEmail9.ConsoleApp", "SendAttachmentBySecureEmail9.ConsoleApp\SendAttachmentBySecureEmail9.ConsoleApp.csproj", "{63A706F0-676D-4D35-9CB9-1A5490618AD8}"
EndProject
Project("{FAE04EC0-301F-11D3-BF4B-00C04F79EFBC}") = "SendAttachmentBySecureEmail9.CallEmailWebApiConsoleApp", "SendAttachmentBySecureEmail9.CallEmailWebApiConsoleApp\SendAttachmentBySecureEmail9.CallEmailWebApiConsoleApp.csproj", "{E86C206F-EFF8-4892-B17C-0E4E9C4CA634}"
EndProject
Project("{FAE04EC0-301F-11D3-BF4B-00C04F79EFBC}") = "EmailWebApiLand9.CallEmailWebApiLand", "..\EmailWebApiLand9\EmailWebApiLand9.CallEmailWebApiLand\EmailWebApiLand9.CallEmailWebApiLand.csproj", "{4BAEBAFB-C1B2-6762-302E-CBB6EEF6059A}"
EndProject
Project("{FAE04EC0-301F-11D3-BF4B-00C04F79EFBC}") = "EmailWebApiLand9.Data", "..\EmailWebApiLand9\EmailWebApiLand9.Data\EmailWebApiLand9.Data.csproj", "{DA17C095-7B63-60FA-311C-BE046783F924}"
EndProject
Global
	GlobalSection(SolutionConfigurationPlatforms) = preSolution
		Debug|Any CPU = Debug|Any CPU
		Release|Any CPU = Release|Any CPU
	EndGlobalSection
	GlobalSection(ProjectConfigurationPlatforms) = postSolution
		{CF0366D6-0EC9-4901-ADB1-F23BCF5A0733}.Debug|Any CPU.ActiveCfg = Debug|Any CPU
		{CF0366D6-0EC9-4901-ADB1-F23BCF5A0733}.Debug|Any CPU.Build.0 = Debug|Any CPU
		{CF0366D6-0EC9-4901-ADB1-F23BCF5A0733}.Release|Any CPU.ActiveCfg = Release|Any CPU
		{CF0366D6-0EC9-4901-ADB1-F23BCF5A0733}.Release|Any CPU.Build.0 = Release|Any CPU
		{FEC2C631-6630-48FD-804F-88F810954AAC}.Debug|Any CPU.ActiveCfg = Debug|Any CPU
		{FEC2C631-6630-48FD-804F-88F810954AAC}.Debug|Any CPU.Build.0 = Debug|Any CPU
		{FEC2C631-6630-48FD-804F-88F810954AAC}.Release|Any CPU.ActiveCfg = Release|Any CPU
		{FEC2C631-6630-48FD-804F-88F810954AAC}.Release|Any CPU.Build.0 = Release|Any CPU
		{FD35F58E-31F0-4366-8665-B291CB88E497}.Debug|Any CPU.ActiveCfg = Debug|Any CPU
		{FD35F58E-31F0-4366-8665-B291CB88E497}.Debug|Any CPU.Build.0 = Debug|Any CPU
		{FD35F58E-31F0-4366-8665-B291CB88E497}.Release|Any CPU.ActiveCfg = Release|Any CPU
		{FD35F58E-31F0-4366-8665-B291CB88E497}.Release|Any CPU.Build.0 = Release|Any CPU
		{9BD81DCE-839A-490E-8C48-097B91F84945}.Debug|Any CPU.ActiveCfg = Debug|Any CPU
		{9BD81DCE-839A-490E-8C48-097B91F84945}.Debug|Any CPU.Build.0 = Debug|Any CPU
		{9BD81DCE-839A-490E-8C48-097B91F84945}.Release|Any CPU.ActiveCfg = Release|Any CPU
		{9BD81DCE-839A-490E-8C48-097B91F84945}.Release|Any CPU.Build.0 = Release|Any CPU
		{63A706F0-676D-4D35-9CB9-1A5490618AD8}.Debug|Any CPU.ActiveCfg = Debug|Any CPU
		{63A706F0-676D-4D35-9CB9-1A5490618AD8}.Debug|Any CPU.Build.0 = Debug|Any CPU
		{63A706F0-676D-4D35-9CB9-1A5490618AD8}.Release|Any CPU.ActiveCfg = Release|Any CPU
		{63A706F0-676D-4D35-9CB9-1A5490618AD8}.Release|Any CPU.Build.0 = Release|Any CPU
		{E86C206F-EFF8-4892-B17C-0E4E9C4CA634}.Debug|Any CPU.ActiveCfg = Debug|Any CPU
		{E86C206F-EFF8-4892-B17C-0E4E9C4CA634}.Debug|Any CPU.Build.0 = Debug|Any CPU
		{E86C206F-EFF8-4892-B17C-0E4E9C4CA634}.Release|Any CPU.ActiveCfg = Release|Any CPU
		{E86C206F-EFF8-4892-B17C-0E4E9C4CA634}.Release|Any CPU.Build.0 = Release|Any CPU
		{4BAEBAFB-C1B2-6762-302E-CBB6EEF6059A}.Debug|Any CPU.ActiveCfg = Debug|Any CPU
		{4BAEBAFB-C1B2-6762-302E-CBB6EEF6059A}.Debug|Any CPU.Build.0 = Debug|Any CPU
		{4BAEBAFB-C1B2-6762-302E-CBB6EEF6059A}.Release|Any CPU.ActiveCfg = Release|Any CPU
		{4BAEBAFB-C1B2-6762-302E-CBB6EEF6059A}.Release|Any CPU.Build.0 = Release|Any CPU
		{DA17C095-7B63-60FA-311C-BE046783F924}.Debug|Any CPU.ActiveCfg = Debug|Any CPU
		{DA17C095-7B63-60FA-311C-BE046783F924}.Debug|Any CPU.Build.0 = Debug|Any CPU
		{DA17C095-7B63-60FA-311C-BE046783F924}.Release|Any CPU.ActiveCfg = Release|Any CPU
		{DA17C095-7B63-60FA-311C-BE046783F924}.Release|Any CPU.Build.0 = Release|Any CPU
	EndGlobalSection
	GlobalSection(SolutionProperties) = preSolution
		HideSolutionNode = FALSE
	EndGlobalSection
	GlobalSection(ExtensibilityGlobals) = postSolution
		SolutionGuid = {88568B39-7653-448B-A1B6-0CBCC51299A7}
	EndGlobalSection
EndGlobal
